// !$*UTF8*$!
{
	archiveVersion = 1;
	classes = {
	};
	objectVersion = 46;
	objects = {

/* Begin PBXBuildFile section */
		12093EE023BAE9CC0073E0A3 /* ADBaseTVC.m in Sources */ = {isa = PBXBuildFile; fileRef = 12093EDF23BAE9CC0073E0A3 /* ADBaseTVC.m */; };
		12093EE323BAE9DA0073E0A3 /* ADBaseVC.m in Sources */ = {isa = PBXBuildFile; fileRef = 12093EE223BAE9DA0073E0A3 /* ADBaseVC.m */; };
		12093EEC23BAEB520073E0A3 /* ADNormalListTVC.m in Sources */ = {isa = PBXBuildFile; fileRef = 12093EEB23BAEB520073E0A3 /* ADNormalListTVC.m */; };
		12093F2823BB01630073E0A3 /* ADMoveListTVC.m in Sources */ = {isa = PBXBuildFile; fileRef = 12093F2623BB01630073E0A3 /* ADMoveListTVC.m */; };
		12093F2B23BB016A0073E0A3 /* ADCustomListTVC.m in Sources */ = {isa = PBXBuildFile; fileRef = 12093F2923BB016A0073E0A3 /* ADCustomListTVC.m */; };
		12093F6323BB03550073E0A3 /* ADTestTVC.m in Sources */ = {isa = PBXBuildFile; fileRef = 12093F6223BB03550073E0A3 /* ADTestTVC.m */; };
		12093F6623BB03EA0073E0A3 /* ADWeiboTVC.m in Sources */ = {isa = PBXBuildFile; fileRef = 12093F6523BB03EA0073E0A3 /* ADWeiboTVC.m */; };
		12093F6923BB055E0073E0A3 /* ADQQTVC.m in Sources */ = {isa = PBXBuildFile; fileRef = 12093F6823BB055E0073E0A3 /* ADQQTVC.m */; };
		12093F6C23BB05780073E0A3 /* ADQQZoneTVC.m in Sources */ = {isa = PBXBuildFile; fileRef = 12093F6B23BB05780073E0A3 /* ADQQZoneTVC.m */; };
		12093F6F23BB05F10073E0A3 /* ADZhihuTVC.m in Sources */ = {isa = PBXBuildFile; fileRef = 12093F6E23BB05F10073E0A3 /* ADZhihuTVC.m */; };
		120940A423BB16490073E0A3 /* ADQQMineTVC.m in Sources */ = {isa = PBXBuildFile; fileRef = 120940A323BB16490073E0A3 /* ADQQMineTVC.m */; };
		120940A723BB16800073E0A3 /* ADAntForestTVC.m in Sources */ = {isa = PBXBuildFile; fileRef = 120940A623BB16800073E0A3 /* ADAntForestTVC.m */; };
		120940AA23BB17030073E0A3 /* ADMultiHideNavTVC.m in Sources */ = {isa = PBXBuildFile; fileRef = 120940A923BB17030073E0A3 /* ADMultiHideNavTVC.m */; };
		120940AD23BB17190073E0A3 /* ADLaGouTVC.m in Sources */ = {isa = PBXBuildFile; fileRef = 120940AC23BB17190073E0A3 /* ADLaGouTVC.m */; };
		120940B023BB174C0073E0A3 /* ADSpecialVC.m in Sources */ = {isa = PBXBuildFile; fileRef = 120940AF23BB174C0073E0A3 /* ADSpecialVC.m */; };
		120940B323BB17740073E0A3 /* ADTestIQKeyVC.m in Sources */ = {isa = PBXBuildFile; fileRef = 120940B223BB17740073E0A3 /* ADTestIQKeyVC.m */; };
		120940B723BB19300073E0A3 /* ADWeiboHeaderView.m in Sources */ = {isa = PBXBuildFile; fileRef = 120940B623BB19300073E0A3 /* ADWeiboHeaderView.m */; };
		120940BD23BB23E50073E0A3 /* UIView+ADExtension.m in Sources */ = {isa = PBXBuildFile; fileRef = 120940BC23BB23E40073E0A3 /* UIView+ADExtension.m */; };
		120940F523BB36410073E0A3 /* ADWeiboHeaderView.xib in Resources */ = {isa = PBXBuildFile; fileRef = 120940F423BB36410073E0A3 /* ADWeiboHeaderView.xib */; };
		43115DE5687FBECFCD1917BF /* Pods_ADNavigationBar_Example.framework in Frameworks */ = {isa = PBXBuildFile; fileRef = 50F6969EF45C64CB58F60F9E /* Pods_ADNavigationBar_Example.framework */; };
		6003F58E195388D20070C39A /* Foundation.framework in Frameworks */ = {isa = PBXBuildFile; fileRef = 6003F58D195388D20070C39A /* Foundation.framework */; };
		6003F590195388D20070C39A /* CoreGraphics.framework in Frameworks */ = {isa = PBXBuildFile; fileRef = 6003F58F195388D20070C39A /* CoreGraphics.framework */; };
		6003F592195388D20070C39A /* UIKit.framework in Frameworks */ = {isa = PBXBuildFile; fileRef = 6003F591195388D20070C39A /* UIKit.framework */; };
		6003F59A195388D20070C39A /* main.m in Sources */ = {isa = PBXBuildFile; fileRef = 6003F599195388D20070C39A /* main.m */; };
		6003F59E195388D20070C39A /* AppDelegate.m in Sources */ = {isa = PBXBuildFile; fileRef = 6003F59D195388D20070C39A /* AppDelegate.m */; };
		6003F5A9195388D20070C39A /* Assets.xcassets in Resources */ = {isa = PBXBuildFile; fileRef = 6003F5A8195388D20070C39A /* Assets.xcassets */; };
		6003F5B0195388D20070C39A /* XCTest.framework in Frameworks */ = {isa = PBXBuildFile; fileRef = 6003F5AF195388D20070C39A /* XCTest.framework */; };
		6003F5B1195388D20070C39A /* Foundation.framework in Frameworks */ = {isa = PBXBuildFile; fileRef = 6003F58D195388D20070C39A /* Foundation.framework */; };
		6003F5B2195388D20070C39A /* UIKit.framework in Frameworks */ = {isa = PBXBuildFile; fileRef = 6003F591195388D20070C39A /* UIKit.framework */; };
		6003F5BC195388D20070C39A /* Tests.m in Sources */ = {isa = PBXBuildFile; fileRef = 6003F5BB195388D20070C39A /* Tests.m */; };
		8A09D7CA23BA3AC3003A51DC /* ADNavVC.m in Sources */ = {isa = PBXBuildFile; fileRef = 8A09D7C923BA3AC3003A51DC /* ADNavVC.m */; };
		90E4EFBDCEF85524D1F1C01E /* Pods_ADNavigationBar_Tests.framework in Frameworks */ = {isa = PBXBuildFile; fileRef = CD3AC6524DAF3C535B002BF9 /* Pods_ADNavigationBar_Tests.framework */; };
/* End PBXBuildFile section */

/* Begin PBXContainerItemProxy section */
		6003F5B3195388D20070C39A /* PBXContainerItemProxy */ = {
			isa = PBXContainerItemProxy;
			containerPortal = 6003F582195388D10070C39A /* Project object */;
			proxyType = 1;
			remoteGlobalIDString = 6003F589195388D20070C39A;
			remoteInfo = ADNavigationBar;
		};
/* End PBXContainerItemProxy section */

/* Begin PBXFileReference section */
		12093EDE23BAE9CC0073E0A3 /* ADBaseTVC.h */ = {isa = PBXFileReference; lastKnownFileType = sourcecode.c.h; path = ADBaseTVC.h; sourceTree = "<group>"; };
		12093EDF23BAE9CC0073E0A3 /* ADBaseTVC.m */ = {isa = PBXFileReference; lastKnownFileType = sourcecode.c.objc; path = ADBaseTVC.m; sourceTree = "<group>"; };
		12093EE123BAE9DA0073E0A3 /* ADBaseVC.h */ = {isa = PBXFileReference; lastKnownFileType = sourcecode.c.h; path = ADBaseVC.h; sourceTree = "<group>"; };
		12093EE223BAE9DA0073E0A3 /* ADBaseVC.m */ = {isa = PBXFileReference; lastKnownFileType = sourcecode.c.objc; path = ADBaseVC.m; sourceTree = "<group>"; };
		12093EEA23BAEB520073E0A3 /* ADNormalListTVC.h */ = {isa = PBXFileReference; lastKnownFileType = sourcecode.c.h; path = ADNormalListTVC.h; sourceTree = "<group>"; };
		12093EEB23BAEB520073E0A3 /* ADNormalListTVC.m */ = {isa = PBXFileReference; lastKnownFileType = sourcecode.c.objc; path = ADNormalListTVC.m; sourceTree = "<group>"; };
		12093F2623BB01630073E0A3 /* ADMoveListTVC.m */ = {isa = PBXFileReference; fileEncoding = 4; lastKnownFileType = sourcecode.c.objc; path = ADMoveListTVC.m; sourceTree = "<group>"; };
		12093F2723BB01630073E0A3 /* ADMoveListTVC.h */ = {isa = PBXFileReference; fileEncoding = 4; lastKnownFileType = sourcecode.c.h; path = ADMoveListTVC.h; sourceTree = "<group>"; };
		12093F2923BB016A0073E0A3 /* ADCustomListTVC.m */ = {isa = PBXFileReference; fileEncoding = 4; lastKnownFileType = sourcecode.c.objc; path = ADCustomListTVC.m; sourceTree = "<group>"; };
		12093F2A23BB016A0073E0A3 /* ADCustomListTVC.h */ = {isa = PBXFileReference; fileEncoding = 4; lastKnownFileType = sourcecode.c.h; path = ADCustomListTVC.h; sourceTree = "<group>"; };
		12093F6123BB03550073E0A3 /* ADTestTVC.h */ = {isa = PBXFileReference; lastKnownFileType = sourcecode.c.h; path = ADTestTVC.h; sourceTree = "<group>"; };
		12093F6223BB03550073E0A3 /* ADTestTVC.m */ = {isa = PBXFileReference; lastKnownFileType = sourcecode.c.objc; path = ADTestTVC.m; sourceTree = "<group>"; };
		12093F6423BB03EA0073E0A3 /* ADWeiboTVC.h */ = {isa = PBXFileReference; lastKnownFileType = sourcecode.c.h; path = ADWeiboTVC.h; sourceTree = "<group>"; };
		12093F6523BB03EA0073E0A3 /* ADWeiboTVC.m */ = {isa = PBXFileReference; lastKnownFileType = sourcecode.c.objc; path = ADWeiboTVC.m; sourceTree = "<group>"; };
		12093F6723BB055E0073E0A3 /* ADQQTVC.h */ = {isa = PBXFileReference; lastKnownFileType = sourcecode.c.h; path = ADQQTVC.h; sourceTree = "<group>"; };
		12093F6823BB055E0073E0A3 /* ADQQTVC.m */ = {isa = PBXFileReference; lastKnownFileType = sourcecode.c.objc; path = ADQQTVC.m; sourceTree = "<group>"; };
		12093F6A23BB05780073E0A3 /* ADQQZoneTVC.h */ = {isa = PBXFileReference; lastKnownFileType = sourcecode.c.h; path = ADQQZoneTVC.h; sourceTree = "<group>"; };
		12093F6B23BB05780073E0A3 /* ADQQZoneTVC.m */ = {isa = PBXFileReference; lastKnownFileType = sourcecode.c.objc; path = ADQQZoneTVC.m; sourceTree = "<group>"; };
		12093F6D23BB05F10073E0A3 /* ADZhihuTVC.h */ = {isa = PBXFileReference; lastKnownFileType = sourcecode.c.h; path = ADZhihuTVC.h; sourceTree = "<group>"; };
		12093F6E23BB05F10073E0A3 /* ADZhihuTVC.m */ = {isa = PBXFileReference; lastKnownFileType = sourcecode.c.objc; path = ADZhihuTVC.m; sourceTree = "<group>"; };
		1209408823BB142C0073E0A3 /* Base */ = {isa = PBXFileReference; lastKnownFileType = file.storyboard; name = Base; path = Base.lproj/LaunchScreen.storyboard; sourceTree = "<group>"; };
		1209408A23BB14380073E0A3 /* UIViewController+ADExtension.m */ = {isa = PBXFileReference; fileEncoding = 4; lastKnownFileType = sourcecode.c.objc; name = "UIViewController+ADExtension.m"; path = "../../../ADNavigationBar/Classes/UIViewController+ADExtension.m"; sourceTree = "<group>"; };
		1209408B23BB14390073E0A3 /* UIViewController+ADRoute.h */ = {isa = PBXFileReference; fileEncoding = 4; lastKnownFileType = sourcecode.c.h; name = "UIViewController+ADRoute.h"; path = "../../../ADNavigationBar/Classes/UIViewController+ADRoute.h"; sourceTree = "<group>"; };
		1209408C23BB14390073E0A3 /* ADNavigationBarHeader.h */ = {isa = PBXFileReference; fileEncoding = 4; lastKnownFileType = sourcecode.c.h; name = ADNavigationBarHeader.h; path = ../../../ADNavigationBar/Classes/ADNavigationBarHeader.h; sourceTree = "<group>"; };
		1209408D23BB14390073E0A3 /* UINavigationBar+ADExtension.h */ = {isa = PBXFileReference; fileEncoding = 4; lastKnownFileType = sourcecode.c.h; name = "UINavigationBar+ADExtension.h"; path = "../../../ADNavigationBar/Classes/UINavigationBar+ADExtension.h"; sourceTree = "<group>"; };
		1209408E23BB14390073E0A3 /* ADCustomNavigationBar.m */ = {isa = PBXFileReference; fileEncoding = 4; lastKnownFileType = sourcecode.c.objc; name = ADCustomNavigationBar.m; path = ../../../ADNavigationBar/Classes/ADCustomNavigationBar.m; sourceTree = "<group>"; };
		1209408F23BB14390073E0A3 /* ADCustomNavigationBar.h */ = {isa = PBXFileReference; fileEncoding = 4; lastKnownFileType = sourcecode.c.h; name = ADCustomNavigationBar.h; path = ../../../ADNavigationBar/Classes/ADCustomNavigationBar.h; sourceTree = "<group>"; };
		1209409023BB14390073E0A3 /* UINavigationBar+ADExtension.m */ = {isa = PBXFileReference; fileEncoding = 4; lastKnownFileType = sourcecode.c.objc; name = "UINavigationBar+ADExtension.m"; path = "../../../ADNavigationBar/Classes/UINavigationBar+ADExtension.m"; sourceTree = "<group>"; };
		1209409123BB14390073E0A3 /* ADNavigationBar+ADDefault.h */ = {isa = PBXFileReference; fileEncoding = 4; lastKnownFileType = sourcecode.c.h; name = "ADNavigationBar+ADDefault.h"; path = "../../../ADNavigationBar/Classes/ADNavigationBar+ADDefault.h"; sourceTree = "<group>"; };
		1209409223BB14390073E0A3 /* UINavigationController+ADExtension.h */ = {isa = PBXFileReference; fileEncoding = 4; lastKnownFileType = sourcecode.c.h; name = "UINavigationController+ADExtension.h"; path = "../../../ADNavigationBar/Classes/UINavigationController+ADExtension.h"; sourceTree = "<group>"; };
		1209409323BB14390073E0A3 /* UIViewController+ADExtension.h */ = {isa = PBXFileReference; fileEncoding = 4; lastKnownFileType = sourcecode.c.h; name = "UIViewController+ADExtension.h"; path = "../../../ADNavigationBar/Classes/UIViewController+ADExtension.h"; sourceTree = "<group>"; };
		1209409623BB14390073E0A3 /* UIViewController+ADRoute.m */ = {isa = PBXFileReference; fileEncoding = 4; lastKnownFileType = sourcecode.c.objc; name = "UIViewController+ADRoute.m"; path = "../../../ADNavigationBar/Classes/UIViewController+ADRoute.m"; sourceTree = "<group>"; };
		1209409723BB14390073E0A3 /* ADNavigationBar+ADDefault.m */ = {isa = PBXFileReference; fileEncoding = 4; lastKnownFileType = sourcecode.c.objc; name = "ADNavigationBar+ADDefault.m"; path = "../../../ADNavigationBar/Classes/ADNavigationBar+ADDefault.m"; sourceTree = "<group>"; };
		1209409823BB14390073E0A3 /* UINavigationController+ADExtension.m */ = {isa = PBXFileReference; fileEncoding = 4; lastKnownFileType = sourcecode.c.objc; name = "UINavigationController+ADExtension.m"; path = "../../../ADNavigationBar/Classes/UINavigationController+ADExtension.m"; sourceTree = "<group>"; };
		120940A023BB14B70073E0A3 /* ADNavigationBar.h */ = {isa = PBXFileReference; lastKnownFileType = sourcecode.c.h; name = ADNavigationBar.h; path = ../../../ADNavigationBar/Classes/ADNavigationBar.h; sourceTree = "<group>"; };
		120940A123BB14B70073E0A3 /* ADNavigationBar.m */ = {isa = PBXFileReference; lastKnownFileType = sourcecode.c.objc; name = ADNavigationBar.m; path = ../../../ADNavigationBar/Classes/ADNavigationBar.m; sourceTree = "<group>"; };
		120940A223BB16490073E0A3 /* ADQQMineTVC.h */ = {isa = PBXFileReference; lastKnownFileType = sourcecode.c.h; path = ADQQMineTVC.h; sourceTree = "<group>"; };
		120940A323BB16490073E0A3 /* ADQQMineTVC.m */ = {isa = PBXFileReference; lastKnownFileType = sourcecode.c.objc; path = ADQQMineTVC.m; sourceTree = "<group>"; };
		120940A523BB16800073E0A3 /* ADAntForestTVC.h */ = {isa = PBXFileReference; lastKnownFileType = sourcecode.c.h; path = ADAntForestTVC.h; sourceTree = "<group>"; };
		120940A623BB16800073E0A3 /* ADAntForestTVC.m */ = {isa = PBXFileReference; lastKnownFileType = sourcecode.c.objc; path = ADAntForestTVC.m; sourceTree = "<group>"; };
		120940A823BB17030073E0A3 /* ADMultiHideNavTVC.h */ = {isa = PBXFileReference; lastKnownFileType = sourcecode.c.h; path = ADMultiHideNavTVC.h; sourceTree = "<group>"; };
		120940A923BB17030073E0A3 /* ADMultiHideNavTVC.m */ = {isa = PBXFileReference; lastKnownFileType = sourcecode.c.objc; path = ADMultiHideNavTVC.m; sourceTree = "<group>"; };
		120940AB23BB17190073E0A3 /* ADLaGouTVC.h */ = {isa = PBXFileReference; lastKnownFileType = sourcecode.c.h; path = ADLaGouTVC.h; sourceTree = "<group>"; };
		120940AC23BB17190073E0A3 /* ADLaGouTVC.m */ = {isa = PBXFileReference; lastKnownFileType = sourcecode.c.objc; path = ADLaGouTVC.m; sourceTree = "<group>"; };
		120940AE23BB174C0073E0A3 /* ADSpecialVC.h */ = {isa = PBXFileReference; lastKnownFileType = sourcecode.c.h; path = ADSpecialVC.h; sourceTree = "<group>"; };
		120940AF23BB174C0073E0A3 /* ADSpecialVC.m */ = {isa = PBXFileReference; lastKnownFileType = sourcecode.c.objc; path = ADSpecialVC.m; sourceTree = "<group>"; };
		120940B123BB17730073E0A3 /* ADTestIQKeyVC.h */ = {isa = PBXFileReference; lastKnownFileType = sourcecode.c.h; path = ADTestIQKeyVC.h; sourceTree = "<group>"; };
		120940B223BB17740073E0A3 /* ADTestIQKeyVC.m */ = {isa = PBXFileReference; lastKnownFileType = sourcecode.c.objc; path = ADTestIQKeyVC.m; sourceTree = "<group>"; };
		120940B523BB19300073E0A3 /* ADWeiboHeaderView.h */ = {isa = PBXFileReference; lastKnownFileType = sourcecode.c.h; path = ADWeiboHeaderView.h; sourceTree = "<group>"; };
		120940B623BB19300073E0A3 /* ADWeiboHeaderView.m */ = {isa = PBXFileReference; lastKnownFileType = sourcecode.c.objc; path = ADWeiboHeaderView.m; sourceTree = "<group>"; };
		120940BB23BB23E40073E0A3 /* UIView+ADExtension.h */ = {isa = PBXFileReference; fileEncoding = 4; lastKnownFileType = sourcecode.c.h; path = "UIView+ADExtension.h"; sourceTree = "<group>"; };
		120940BC23BB23E40073E0A3 /* UIView+ADExtension.m */ = {isa = PBXFileReference; fileEncoding = 4; lastKnownFileType = sourcecode.c.objc; path = "UIView+ADExtension.m"; sourceTree = "<group>"; };
		120940BE23BB24820073E0A3 /* ADNavigationBarPrefixHeader.pch */ = {isa = PBXFileReference; lastKnownFileType = sourcecode.c.h; path = ADNavigationBarPrefixHeader.pch; sourceTree = "<group>"; };
		120940F423BB36410073E0A3 /* ADWeiboHeaderView.xib */ = {isa = PBXFileReference; lastKnownFileType = file.xib; path = ADWeiboHeaderView.xib; sourceTree = "<group>"; };
		25AE8C998713A836BC0B7B1E /* README.md */ = {isa = PBXFileReference; includeInIndex = 1; lastKnownFileType = net.daringfireball.markdown; name = README.md; path = ../README.md; sourceTree = "<group>"; };
		2A7401B0744A2BD513A96FF6 /* Pods-ADNavigationBar_Example.release.xcconfig */ = {isa = PBXFileReference; includeInIndex = 1; lastKnownFileType = text.xcconfig; name = "Pods-ADNavigationBar_Example.release.xcconfig"; path = "Target Support Files/Pods-ADNavigationBar_Example/Pods-ADNavigationBar_Example.release.xcconfig"; sourceTree = "<group>"; };
		2C1C29660ED2B78B019CA381 /* LICENSE */ = {isa = PBXFileReference; includeInIndex = 1; lastKnownFileType = text; name = LICENSE; path = ../LICENSE; sourceTree = "<group>"; };
		50F6969EF45C64CB58F60F9E /* Pods_ADNavigationBar_Example.framework */ = {isa = PBXFileReference; explicitFileType = wrapper.framework; includeInIndex = 0; path = Pods_ADNavigationBar_Example.framework; sourceTree = BUILT_PRODUCTS_DIR; };
		5C9D2621A436E81FEDEA9FB4 /* Pods-ADNavigationBar_Example.debug.xcconfig */ = {isa = PBXFileReference; includeInIndex = 1; lastKnownFileType = text.xcconfig; name = "Pods-ADNavigationBar_Example.debug.xcconfig"; path = "Target Support Files/Pods-ADNavigationBar_Example/Pods-ADNavigationBar_Example.debug.xcconfig"; sourceTree = "<group>"; };
		6003F58A195388D20070C39A /* ADNavigationBar_Example.app */ = {isa = PBXFileReference; explicitFileType = wrapper.application; includeInIndex = 0; path = ADNavigationBar_Example.app; sourceTree = BUILT_PRODUCTS_DIR; };
		6003F58D195388D20070C39A /* Foundation.framework */ = {isa = PBXFileReference; lastKnownFileType = wrapper.framework; name = Foundation.framework; path = System/Library/Frameworks/Foundation.framework; sourceTree = SDKROOT; };
		6003F58F195388D20070C39A /* CoreGraphics.framework */ = {isa = PBXFileReference; lastKnownFileType = wrapper.framework; name = CoreGraphics.framework; path = System/Library/Frameworks/CoreGraphics.framework; sourceTree = SDKROOT; };
		6003F591195388D20070C39A /* UIKit.framework */ = {isa = PBXFileReference; lastKnownFileType = wrapper.framework; name = UIKit.framework; path = System/Library/Frameworks/UIKit.framework; sourceTree = SDKROOT; };
		6003F595195388D20070C39A /* info.plist */ = {isa = PBXFileReference; lastKnownFileType = text.plist.xml; path = info.plist; sourceTree = "<group>"; };
		6003F599195388D20070C39A /* main.m */ = {isa = PBXFileReference; lastKnownFileType = sourcecode.c.objc; path = main.m; sourceTree = "<group>"; };
		6003F59C195388D20070C39A /* AppDelegate.h */ = {isa = PBXFileReference; lastKnownFileType = sourcecode.c.h; path = AppDelegate.h; sourceTree = "<group>"; };
		6003F59D195388D20070C39A /* AppDelegate.m */ = {isa = PBXFileReference; lastKnownFileType = sourcecode.c.objc; path = AppDelegate.m; sourceTree = "<group>"; };
		6003F5A8195388D20070C39A /* Assets.xcassets */ = {isa = PBXFileReference; lastKnownFileType = folder.assetcatalog; path = Assets.xcassets; sourceTree = "<group>"; };
		6003F5AE195388D20070C39A /* ADNavigationBar_Tests.xctest */ = {isa = PBXFileReference; explicitFileType = wrapper.cfbundle; includeInIndex = 0; path = ADNavigationBar_Tests.xctest; sourceTree = BUILT_PRODUCTS_DIR; };
		6003F5AF195388D20070C39A /* XCTest.framework */ = {isa = PBXFileReference; lastKnownFileType = wrapper.framework; name = XCTest.framework; path = Library/Frameworks/XCTest.framework; sourceTree = DEVELOPER_DIR; };
		6003F5B7195388D20070C39A /* Tests-Info.plist */ = {isa = PBXFileReference; lastKnownFileType = text.plist.xml; path = "Tests-Info.plist"; sourceTree = "<group>"; };
		6003F5BB195388D20070C39A /* Tests.m */ = {isa = PBXFileReference; lastKnownFileType = sourcecode.c.objc; path = Tests.m; sourceTree = "<group>"; };
		606FC2411953D9B200FFA9A0 /* Tests-Prefix.pch */ = {isa = PBXFileReference; lastKnownFileType = sourcecode.c.h; path = "Tests-Prefix.pch"; sourceTree = "<group>"; };
		853C7505808B297D18E4906A /* Pods-ADNavigationBar_Tests.release.xcconfig */ = {isa = PBXFileReference; includeInIndex = 1; lastKnownFileType = text.xcconfig; name = "Pods-ADNavigationBar_Tests.release.xcconfig"; path = "Target Support Files/Pods-ADNavigationBar_Tests/Pods-ADNavigationBar_Tests.release.xcconfig"; sourceTree = "<group>"; };
		8A09D7C823BA3AC3003A51DC /* ADNavVC.h */ = {isa = PBXFileReference; lastKnownFileType = sourcecode.c.h; path = ADNavVC.h; sourceTree = "<group>"; };
		8A09D7C923BA3AC3003A51DC /* ADNavVC.m */ = {isa = PBXFileReference; lastKnownFileType = sourcecode.c.objc; path = ADNavVC.m; sourceTree = "<group>"; };
		BC97F88D373509F1E2AE0783 /* ADNavigationBar.podspec */ = {isa = PBXFileReference; includeInIndex = 1; lastKnownFileType = text; name = ADNavigationBar.podspec; path = ../ADNavigationBar.podspec; sourceTree = "<group>"; xcLanguageSpecificationIdentifier = xcode.lang.ruby; };
		BFA7D3D5A87094633448594C /* Pods-ADNavigationBar_Tests.debug.xcconfig */ = {isa = PBXFileReference; includeInIndex = 1; lastKnownFileType = text.xcconfig; name = "Pods-ADNavigationBar_Tests.debug.xcconfig"; path = "Target Support Files/Pods-ADNavigationBar_Tests/Pods-ADNavigationBar_Tests.debug.xcconfig"; sourceTree = "<group>"; };
		CD3AC6524DAF3C535B002BF9 /* Pods_ADNavigationBar_Tests.framework */ = {isa = PBXFileReference; explicitFileType = wrapper.framework; includeInIndex = 0; path = Pods_ADNavigationBar_Tests.framework; sourceTree = BUILT_PRODUCTS_DIR; };
/* End PBXFileReference section */

/* Begin PBXFrameworksBuildPhase section */
		6003F587195388D20070C39A /* Frameworks */ = {
			isa = PBXFrameworksBuildPhase;
			buildActionMask = 2147483647;
			files = (
				6003F590195388D20070C39A /* CoreGraphics.framework in Frameworks */,
				6003F592195388D20070C39A /* UIKit.framework in Frameworks */,
				6003F58E195388D20070C39A /* Foundation.framework in Frameworks */,
				43115DE5687FBECFCD1917BF /* Pods_ADNavigationBar_Example.framework in Frameworks */,
			);
			runOnlyForDeploymentPostprocessing = 0;
		};
		6003F5AB195388D20070C39A /* Frameworks */ = {
			isa = PBXFrameworksBuildPhase;
			buildActionMask = 2147483647;
			files = (
				6003F5B0195388D20070C39A /* XCTest.framework in Frameworks */,
				6003F5B2195388D20070C39A /* UIKit.framework in Frameworks */,
				6003F5B1195388D20070C39A /* Foundation.framework in Frameworks */,
				90E4EFBDCEF85524D1F1C01E /* Pods_ADNavigationBar_Tests.framework in Frameworks */,
			);
			runOnlyForDeploymentPostprocessing = 0;
		};
/* End PBXFrameworksBuildPhase section */

/* Begin PBXGroup section */
		12093EDD23BAE9B40073E0A3 /* Global */ = {
			isa = PBXGroup;
			children = (
				12093EDE23BAE9CC0073E0A3 /* ADBaseTVC.h */,
				12093EDF23BAE9CC0073E0A3 /* ADBaseTVC.m */,
				12093EE123BAE9DA0073E0A3 /* ADBaseVC.h */,
				12093EE223BAE9DA0073E0A3 /* ADBaseVC.m */,
				8A09D7C823BA3AC3003A51DC /* ADNavVC.h */,
				8A09D7C923BA3AC3003A51DC /* ADNavVC.m */,
				12093F6123BB03550073E0A3 /* ADTestTVC.h */,
				12093F6223BB03550073E0A3 /* ADTestTVC.m */,
			);
			path = Global;
			sourceTree = "<group>";
		};
		12093EED23BAEB840073E0A3 /* ChildVC */ = {
			isa = PBXGroup;
			children = (
				12093F6423BB03EA0073E0A3 /* ADWeiboTVC.h */,
				12093F6523BB03EA0073E0A3 /* ADWeiboTVC.m */,
				12093F6723BB055E0073E0A3 /* ADQQTVC.h */,
				12093F6823BB055E0073E0A3 /* ADQQTVC.m */,
				12093F6A23BB05780073E0A3 /* ADQQZoneTVC.h */,
				12093F6B23BB05780073E0A3 /* ADQQZoneTVC.m */,
				12093F6D23BB05F10073E0A3 /* ADZhihuTVC.h */,
				12093F6E23BB05F10073E0A3 /* ADZhihuTVC.m */,
				120940A223BB16490073E0A3 /* ADQQMineTVC.h */,
				120940A323BB16490073E0A3 /* ADQQMineTVC.m */,
				120940A523BB16800073E0A3 /* ADAntForestTVC.h */,
				120940A623BB16800073E0A3 /* ADAntForestTVC.m */,
				120940A823BB17030073E0A3 /* ADMultiHideNavTVC.h */,
				120940A923BB17030073E0A3 /* ADMultiHideNavTVC.m */,
				120940AB23BB17190073E0A3 /* ADLaGouTVC.h */,
				120940AC23BB17190073E0A3 /* ADLaGouTVC.m */,
				120940AE23BB174C0073E0A3 /* ADSpecialVC.h */,
				120940AF23BB174C0073E0A3 /* ADSpecialVC.m */,
				120940B123BB17730073E0A3 /* ADTestIQKeyVC.h */,
				120940B223BB17740073E0A3 /* ADTestIQKeyVC.m */,
			);
			path = ChildVC;
			sourceTree = "<group>";
		};
		12093F2423BB01260073E0A3 /* 移动导航栏 */ = {
			isa = PBXGroup;
			children = (
				12093F2723BB01630073E0A3 /* ADMoveListTVC.h */,
				12093F2623BB01630073E0A3 /* ADMoveListTVC.m */,
			);
			path = "移动导航栏";
			sourceTree = "<group>";
		};
		12093F2523BB013B0073E0A3 /* 自定义导航栏 */ = {
			isa = PBXGroup;
			children = (
				12093F2A23BB016A0073E0A3 /* ADCustomListTVC.h */,
				12093F2923BB016A0073E0A3 /* ADCustomListTVC.m */,
			);
			path = "自定义导航栏";
			sourceTree = "<group>";
		};
		1209408523BB141B0073E0A3 /* Classes */ = {
			isa = PBXGroup;
			children = (
				1209408C23BB14390073E0A3 /* ADNavigationBarHeader.h */,
				120940A023BB14B70073E0A3 /* ADNavigationBar.h */,
				120940A123BB14B70073E0A3 /* ADNavigationBar.m */,
				1209409123BB14390073E0A3 /* ADNavigationBar+ADDefault.h */,
				1209409723BB14390073E0A3 /* ADNavigationBar+ADDefault.m */,
				1209408D23BB14390073E0A3 /* UINavigationBar+ADExtension.h */,
				1209409023BB14390073E0A3 /* UINavigationBar+ADExtension.m */,
				1209409223BB14390073E0A3 /* UINavigationController+ADExtension.h */,
				1209409823BB14390073E0A3 /* UINavigationController+ADExtension.m */,
				1209409323BB14390073E0A3 /* UIViewController+ADExtension.h */,
				1209408A23BB14380073E0A3 /* UIViewController+ADExtension.m */,
				1209408B23BB14390073E0A3 /* UIViewController+ADRoute.h */,
				1209409623BB14390073E0A3 /* UIViewController+ADRoute.m */,
				1209408F23BB14390073E0A3 /* ADCustomNavigationBar.h */,
				1209408E23BB14390073E0A3 /* ADCustomNavigationBar.m */,
			);
			path = Classes;
			sourceTree = "<group>";
		};
		120940B423BB19110073E0A3 /* View */ = {
			isa = PBXGroup;
			children = (
				120940B523BB19300073E0A3 /* ADWeiboHeaderView.h */,
				120940B623BB19300073E0A3 /* ADWeiboHeaderView.m */,
				120940F423BB36410073E0A3 /* ADWeiboHeaderView.xib */,
			);
			path = View;
			sourceTree = "<group>";
		};
		120940BA23BB23D10073E0A3 /* Category */ = {
			isa = PBXGroup;
			children = (
				120940BB23BB23E40073E0A3 /* UIView+ADExtension.h */,
				120940BC23BB23E40073E0A3 /* UIView+ADExtension.m */,
			);
			path = Category;
			sourceTree = "<group>";
		};
		12F3DFAB23A9B80600843B33 /* Other */ = {
			isa = PBXGroup;
			children = (
				6003F59C195388D20070C39A /* AppDelegate.h */,
				6003F59D195388D20070C39A /* AppDelegate.m */,
				6003F595195388D20070C39A /* info.plist */,
				6003F599195388D20070C39A /* main.m */,
				1209408923BB142C0073E0A3 /* LaunchScreen.storyboard */,
				6003F5A8195388D20070C39A /* Assets.xcassets */,
				120940BE23BB24820073E0A3 /* ADNavigationBarPrefixHeader.pch */,
			);
			path = Other;
			sourceTree = "<group>";
		};
		6003F581195388D10070C39A = {
			isa = PBXGroup;
			children = (
				60FF7A9C1954A5C5007DD14C /* Podspec Metadata */,
				6003F593195388D20070C39A /* Example for ADNavigationBar */,
				6003F5B5195388D20070C39A /* Tests */,
				6003F58C195388D20070C39A /* Frameworks */,
				6003F58B195388D20070C39A /* Products */,
				815182AFCDDA33F20ED9560C /* Pods */,
			);
			sourceTree = "<group>";
		};
		6003F58B195388D20070C39A /* Products */ = {
			isa = PBXGroup;
			children = (
				6003F58A195388D20070C39A /* ADNavigationBar_Example.app */,
				6003F5AE195388D20070C39A /* ADNavigationBar_Tests.xctest */,
			);
			name = Products;
			sourceTree = "<group>";
		};
		6003F58C195388D20070C39A /* Frameworks */ = {
			isa = PBXGroup;
			children = (
				6003F58D195388D20070C39A /* Foundation.framework */,
				6003F58F195388D20070C39A /* CoreGraphics.framework */,
				6003F591195388D20070C39A /* UIKit.framework */,
				6003F5AF195388D20070C39A /* XCTest.framework */,
				50F6969EF45C64CB58F60F9E /* Pods_ADNavigationBar_Example.framework */,
				CD3AC6524DAF3C535B002BF9 /* Pods_ADNavigationBar_Tests.framework */,
			);
			name = Frameworks;
			sourceTree = "<group>";
		};
		6003F593195388D20070C39A /* Example for ADNavigationBar */ = {
			isa = PBXGroup;
			children = (
				1209408523BB141B0073E0A3 /* Classes */,
				12093EDD23BAE9B40073E0A3 /* Global */,
				12F3DFAB23A9B80600843B33 /* Other */,
				8A09D7CB23BA3ADA003A51DC /* 常用导航栏 */,
				12093F2523BB013B0073E0A3 /* 自定义导航栏 */,
				12093F2423BB01260073E0A3 /* 移动导航栏 */,
				120940BA23BB23D10073E0A3 /* Category */,
			);
			name = "Example for ADNavigationBar";
			path = ADNavigationBar;
			sourceTree = "<group>";
		};
		6003F5B5195388D20070C39A /* Tests */ = {
			isa = PBXGroup;
			children = (
				6003F5BB195388D20070C39A /* Tests.m */,
				6003F5B7195388D20070C39A /* Tests-Info.plist */,
				606FC2411953D9B200FFA9A0 /* Tests-Prefix.pch */,
			);
			path = Tests;
			sourceTree = "<group>";
		};
		60FF7A9C1954A5C5007DD14C /* Podspec Metadata */ = {
			isa = PBXGroup;
			children = (
				BC97F88D373509F1E2AE0783 /* ADNavigationBar.podspec */,
				25AE8C998713A836BC0B7B1E /* README.md */,
				2C1C29660ED2B78B019CA381 /* LICENSE */,
			);
			name = "Podspec Metadata";
			sourceTree = "<group>";
		};
		815182AFCDDA33F20ED9560C /* Pods */ = {
			isa = PBXGroup;
			children = (
				5C9D2621A436E81FEDEA9FB4 /* Pods-ADNavigationBar_Example.debug.xcconfig */,
				2A7401B0744A2BD513A96FF6 /* Pods-ADNavigationBar_Example.release.xcconfig */,
				BFA7D3D5A87094633448594C /* Pods-ADNavigationBar_Tests.debug.xcconfig */,
				853C7505808B297D18E4906A /* Pods-ADNavigationBar_Tests.release.xcconfig */,
			);
			path = Pods;
			sourceTree = "<group>";
		};
		8A09D7CB23BA3ADA003A51DC /* 常用导航栏 */ = {
			isa = PBXGroup;
			children = (
				120940B423BB19110073E0A3 /* View */,
				12093EED23BAEB840073E0A3 /* ChildVC */,
				12093EEA23BAEB520073E0A3 /* ADNormalListTVC.h */,
				12093EEB23BAEB520073E0A3 /* ADNormalListTVC.m */,
			);
			path = "常用导航栏";
			sourceTree = "<group>";
		};
/* End PBXGroup section */

/* Begin PBXNativeTarget section */
		6003F589195388D20070C39A /* ADNavigationBar_Example */ = {
			isa = PBXNativeTarget;
			buildConfigurationList = 6003F5BF195388D20070C39A /* Build configuration list for PBXNativeTarget "ADNavigationBar_Example" */;
			buildPhases = (
				12021ECFFFC3C6BDE48EE293 /* [CP] Check Pods Manifest.lock */,
				6003F586195388D20070C39A /* Sources */,
				6003F587195388D20070C39A /* Frameworks */,
				6003F588195388D20070C39A /* Resources */,
				4C8CFE7482F276FD6F38D62A /* [CP] Embed Pods Frameworks */,
			);
			buildRules = (
			);
			dependencies = (
			);
			name = ADNavigationBar_Example;
			productName = ADNavigationBar;
			productReference = 6003F58A195388D20070C39A /* ADNavigationBar_Example.app */;
			productType = "com.apple.product-type.application";
		};
		6003F5AD195388D20070C39A /* ADNavigationBar_Tests */ = {
			isa = PBXNativeTarget;
			buildConfigurationList = 6003F5C2195388D20070C39A /* Build configuration list for PBXNativeTarget "ADNavigationBar_Tests" */;
			buildPhases = (
				A79D09AEFCD63D3C755347C1 /* [CP] Check Pods Manifest.lock */,
				6003F5AA195388D20070C39A /* Sources */,
				6003F5AB195388D20070C39A /* Frameworks */,
				6003F5AC195388D20070C39A /* Resources */,
			);
			buildRules = (
			);
			dependencies = (
				6003F5B4195388D20070C39A /* PBXTargetDependency */,
			);
			name = ADNavigationBar_Tests;
			productName = ADNavigationBarTests;
			productReference = 6003F5AE195388D20070C39A /* ADNavigationBar_Tests.xctest */;
			productType = "com.apple.product-type.bundle.unit-test";
		};
/* End PBXNativeTarget section */

/* Begin PBXProject section */
		6003F582195388D10070C39A /* Project object */ = {
			isa = PBXProject;
			attributes = {
				CLASSPREFIX = AD;
				LastUpgradeCheck = 1130;
				ORGANIZATIONNAME = goodswifter;
				TargetAttributes = {
					6003F589195388D20070C39A = {
						DevelopmentTeam = 25ZE6TVB9T;
					};
					6003F5AD195388D20070C39A = {
						TestTargetID = 6003F589195388D20070C39A;
					};
				};
			};
			buildConfigurationList = 6003F585195388D10070C39A /* Build configuration list for PBXProject "ADNavigationBar" */;
			compatibilityVersion = "Xcode 3.2";
			developmentRegion = en;
			hasScannedForEncodings = 0;
			knownRegions = (
				Base,
				en,
			);
			mainGroup = 6003F581195388D10070C39A;
			productRefGroup = 6003F58B195388D20070C39A /* Products */;
			projectDirPath = "";
			projectRoot = "";
			targets = (
				6003F589195388D20070C39A /* ADNavigationBar_Example */,
				6003F5AD195388D20070C39A /* ADNavigationBar_Tests */,
			);
		};
/* End PBXProject section */

/* Begin PBXResourcesBuildPhase section */
		6003F588195388D20070C39A /* Resources */ = {
			isa = PBXResourcesBuildPhase;
			buildActionMask = 2147483647;
			files = (
				6003F5A9195388D20070C39A /* Assets.xcassets in Resources */,
				120940F523BB36410073E0A3 /* ADWeiboHeaderView.xib in Resources */,
			);
			runOnlyForDeploymentPostprocessing = 0;
		};
		6003F5AC195388D20070C39A /* Resources */ = {
			isa = PBXResourcesBuildPhase;
			buildActionMask = 2147483647;
			files = (
			);
			runOnlyForDeploymentPostprocessing = 0;
		};
/* End PBXResourcesBuildPhase section */

/* Begin PBXShellScriptBuildPhase section */
		12021ECFFFC3C6BDE48EE293 /* [CP] Check Pods Manifest.lock */ = {
			isa = PBXShellScriptBuildPhase;
			buildActionMask = 2147483647;
			files = (
			);
			inputFileListPaths = (
			);
			inputPaths = (
				"${PODS_PODFILE_DIR_PATH}/Podfile.lock",
				"${PODS_ROOT}/Manifest.lock",
			);
			name = "[CP] Check Pods Manifest.lock";
			outputFileListPaths = (
			);
			outputPaths = (
				"$(DERIVED_FILE_DIR)/Pods-ADNavigationBar_Example-checkManifestLockResult.txt",
			);
			runOnlyForDeploymentPostprocessing = 0;
			shellPath = /bin/sh;
			shellScript = "diff \"${PODS_PODFILE_DIR_PATH}/Podfile.lock\" \"${PODS_ROOT}/Manifest.lock\" > /dev/null\nif [ $? != 0 ] ; then\n    # print error to STDERR\n    echo \"error: The sandbox is not in sync with the Podfile.lock. Run 'pod install' or update your CocoaPods installation.\" >&2\n    exit 1\nfi\n# This output is used by Xcode 'outputs' to avoid re-running this script phase.\necho \"SUCCESS\" > \"${SCRIPT_OUTPUT_FILE_0}\"\n";
			showEnvVarsInLog = 0;
		};
		4C8CFE7482F276FD6F38D62A /* [CP] Embed Pods Frameworks */ = {
			isa = PBXShellScriptBuildPhase;
			buildActionMask = 2147483647;
			files = (
			);
			inputPaths = (
				"${PODS_ROOT}/Target Support Files/Pods-ADNavigationBar_Example/Pods-ADNavigationBar_Example-frameworks.sh",
				"${BUILT_PRODUCTS_DIR}/ADNavigationBar/ADNavigationBar.framework",
			);
			name = "[CP] Embed Pods Frameworks";
			outputPaths = (
				"${TARGET_BUILD_DIR}/${FRAMEWORKS_FOLDER_PATH}/ADNavigationBar.framework",
			);
			runOnlyForDeploymentPostprocessing = 0;
			shellPath = /bin/sh;
			shellScript = "\"${PODS_ROOT}/Target Support Files/Pods-ADNavigationBar_Example/Pods-ADNavigationBar_Example-frameworks.sh\"\n";
			showEnvVarsInLog = 0;
		};
		A79D09AEFCD63D3C755347C1 /* [CP] Check Pods Manifest.lock */ = {
			isa = PBXShellScriptBuildPhase;
			buildActionMask = 2147483647;
			files = (
			);
			inputFileListPaths = (
			);
			inputPaths = (
				"${PODS_PODFILE_DIR_PATH}/Podfile.lock",
				"${PODS_ROOT}/Manifest.lock",
			);
			name = "[CP] Check Pods Manifest.lock";
			outputFileListPaths = (
			);
			outputPaths = (
				"$(DERIVED_FILE_DIR)/Pods-ADNavigationBar_Tests-checkManifestLockResult.txt",
			);
			runOnlyForDeploymentPostprocessing = 0;
			shellPath = /bin/sh;
			shellScript = "diff \"${PODS_PODFILE_DIR_PATH}/Podfile.lock\" \"${PODS_ROOT}/Manifest.lock\" > /dev/null\nif [ $? != 0 ] ; then\n    # print error to STDERR\n    echo \"error: The sandbox is not in sync with the Podfile.lock. Run 'pod install' or update your CocoaPods installation.\" >&2\n    exit 1\nfi\n# This output is used by Xcode 'outputs' to avoid re-running this script phase.\necho \"SUCCESS\" > \"${SCRIPT_OUTPUT_FILE_0}\"\n";
			showEnvVarsInLog = 0;
		};
/* End PBXShellScriptBuildPhase section */

/* Begin PBXSourcesBuildPhase section */
		6003F586195388D20070C39A /* Sources */ = {
			isa = PBXSourcesBuildPhase;
			buildActionMask = 2147483647;
			files = (
				6003F59E195388D20070C39A /* AppDelegate.m in Sources */,
				120940A423BB16490073E0A3 /* ADQQMineTVC.m in Sources */,
				12093EEC23BAEB520073E0A3 /* ADNormalListTVC.m in Sources */,
				120940B023BB174C0073E0A3 /* ADSpecialVC.m in Sources */,
				12093EE323BAE9DA0073E0A3 /* ADBaseVC.m in Sources */,
				120940B723BB19300073E0A3 /* ADWeiboHeaderView.m in Sources */,
				12093EE023BAE9CC0073E0A3 /* ADBaseTVC.m in Sources */,
				120940B323BB17740073E0A3 /* ADTestIQKeyVC.m in Sources */,
				12093F6C23BB05780073E0A3 /* ADQQZoneTVC.m in Sources */,
				6003F59A195388D20070C39A /* main.m in Sources */,
				12093F6F23BB05F10073E0A3 /* ADZhihuTVC.m in Sources */,
				120940BD23BB23E50073E0A3 /* UIView+ADExtension.m in Sources */,
				12093F6323BB03550073E0A3 /* ADTestTVC.m in Sources */,
				12093F2B23BB016A0073E0A3 /* ADCustomListTVC.m in Sources */,
				120940AA23BB17030073E0A3 /* ADMultiHideNavTVC.m in Sources */,
				120940A723BB16800073E0A3 /* ADAntForestTVC.m in Sources */,
				12093F2823BB01630073E0A3 /* ADMoveListTVC.m in Sources */,
				12093F6923BB055E0073E0A3 /* ADQQTVC.m in Sources */,
				8A09D7CA23BA3AC3003A51DC /* ADNavVC.m in Sources */,
				120940AD23BB17190073E0A3 /* ADLaGouTVC.m in Sources */,
				12093F6623BB03EA0073E0A3 /* ADWeiboTVC.m in Sources */,
			);
			runOnlyForDeploymentPostprocessing = 0;
		};
		6003F5AA195388D20070C39A /* Sources */ = {
			isa = PBXSourcesBuildPhase;
			buildActionMask = 2147483647;
			files = (
				6003F5BC195388D20070C39A /* Tests.m in Sources */,
			);
			runOnlyForDeploymentPostprocessing = 0;
		};
/* End PBXSourcesBuildPhase section */

/* Begin PBXTargetDependency section */
		6003F5B4195388D20070C39A /* PBXTargetDependency */ = {
			isa = PBXTargetDependency;
			target = 6003F589195388D20070C39A /* ADNavigationBar_Example */;
			targetProxy = 6003F5B3195388D20070C39A /* PBXContainerItemProxy */;
		};
/* End PBXTargetDependency section */

/* Begin PBXVariantGroup section */
		1209408923BB142C0073E0A3 /* LaunchScreen.storyboard */ = {
			isa = PBXVariantGroup;
			children = (
				1209408823BB142C0073E0A3 /* Base */,
			);
			name = LaunchScreen.storyboard;
			sourceTree = "<group>";
		};
/* End PBXVariantGroup section */

/* Begin XCBuildConfiguration section */
		6003F5BD195388D20070C39A /* Debug */ = {
			isa = XCBuildConfiguration;
			buildSettings = {
				ALWAYS_SEARCH_USER_PATHS = NO;
				CLANG_ANALYZER_LOCALIZABILITY_NONLOCALIZED = YES;
				CLANG_CXX_LANGUAGE_STANDARD = "gnu++0x";
				CLANG_CXX_LIBRARY = "libc++";
				CLANG_ENABLE_MODULES = YES;
				CLANG_ENABLE_OBJC_ARC = YES;
				CLANG_WARN_BLOCK_CAPTURE_AUTORELEASING = YES;
				CLANG_WARN_BOOL_CONVERSION = YES;
				CLANG_WARN_COMMA = YES;
				CLANG_WARN_CONSTANT_CONVERSION = YES;
				CLANG_WARN_DEPRECATED_OBJC_IMPLEMENTATIONS = YES;
				CLANG_WARN_DIRECT_OBJC_ISA_USAGE = YES_ERROR;
				CLANG_WARN_EMPTY_BODY = YES;
				CLANG_WARN_ENUM_CONVERSION = YES;
				CLANG_WARN_INFINITE_RECURSION = YES;
				CLANG_WARN_INT_CONVERSION = YES;
				CLANG_WARN_NON_LITERAL_NULL_CONVERSION = YES;
				CLANG_WARN_OBJC_IMPLICIT_RETAIN_SELF = YES;
				CLANG_WARN_OBJC_LITERAL_CONVERSION = YES;
				CLANG_WARN_OBJC_ROOT_CLASS = YES_ERROR;
				CLANG_WARN_RANGE_LOOP_ANALYSIS = YES;
				CLANG_WARN_STRICT_PROTOTYPES = YES;
				CLANG_WARN_SUSPICIOUS_MOVE = YES;
				CLANG_WARN_UNREACHABLE_CODE = YES;
				CLANG_WARN__DUPLICATE_METHOD_MATCH = YES;
				"CODE_SIGN_IDENTITY[sdk=iphoneos*]" = "iPhone Developer";
				COPY_PHASE_STRIP = NO;
				ENABLE_STRICT_OBJC_MSGSEND = YES;
				ENABLE_TESTABILITY = YES;
				GCC_C_LANGUAGE_STANDARD = gnu99;
				GCC_DYNAMIC_NO_PIC = NO;
				GCC_NO_COMMON_BLOCKS = YES;
				GCC_OPTIMIZATION_LEVEL = 0;
				GCC_PREPROCESSOR_DEFINITIONS = (
					"DEBUG=1",
					"$(inherited)",
				);
				GCC_SYMBOLS_PRIVATE_EXTERN = NO;
				GCC_WARN_64_TO_32_BIT_CONVERSION = YES;
				GCC_WARN_ABOUT_RETURN_TYPE = YES_ERROR;
				GCC_WARN_UNDECLARED_SELECTOR = YES;
				GCC_WARN_UNINITIALIZED_AUTOS = YES_AGGRESSIVE;
				GCC_WARN_UNUSED_FUNCTION = YES;
				GCC_WARN_UNUSED_VARIABLE = YES;
				IPHONEOS_DEPLOYMENT_TARGET = 9.0;
				ONLY_ACTIVE_ARCH = YES;
				SDKROOT = iphoneos;
				TARGETED_DEVICE_FAMILY = "1,2";
			};
			name = Debug;
		};
		6003F5BE195388D20070C39A /* Release */ = {
			isa = XCBuildConfiguration;
			buildSettings = {
				ALWAYS_SEARCH_USER_PATHS = NO;
				CLANG_ANALYZER_LOCALIZABILITY_NONLOCALIZED = YES;
				CLANG_CXX_LANGUAGE_STANDARD = "gnu++0x";
				CLANG_CXX_LIBRARY = "libc++";
				CLANG_ENABLE_MODULES = YES;
				CLANG_ENABLE_OBJC_ARC = YES;
				CLANG_WARN_BLOCK_CAPTURE_AUTORELEASING = YES;
				CLANG_WARN_BOOL_CONVERSION = YES;
				CLANG_WARN_COMMA = YES;
				CLANG_WARN_CONSTANT_CONVERSION = YES;
				CLANG_WARN_DEPRECATED_OBJC_IMPLEMENTATIONS = YES;
				CLANG_WARN_DIRECT_OBJC_ISA_USAGE = YES_ERROR;
				CLANG_WARN_EMPTY_BODY = YES;
				CLANG_WARN_ENUM_CONVERSION = YES;
				CLANG_WARN_INFINITE_RECURSION = YES;
				CLANG_WARN_INT_CONVERSION = YES;
				CLANG_WARN_NON_LITERAL_NULL_CONVERSION = YES;
				CLANG_WARN_OBJC_IMPLICIT_RETAIN_SELF = YES;
				CLANG_WARN_OBJC_LITERAL_CONVERSION = YES;
				CLANG_WARN_OBJC_ROOT_CLASS = YES_ERROR;
				CLANG_WARN_RANGE_LOOP_ANALYSIS = YES;
				CLANG_WARN_STRICT_PROTOTYPES = YES;
				CLANG_WARN_SUSPICIOUS_MOVE = YES;
				CLANG_WARN_UNREACHABLE_CODE = YES;
				CLANG_WARN__DUPLICATE_METHOD_MATCH = YES;
				"CODE_SIGN_IDENTITY[sdk=iphoneos*]" = "iPhone Developer";
				COPY_PHASE_STRIP = YES;
				ENABLE_NS_ASSERTIONS = NO;
				ENABLE_STRICT_OBJC_MSGSEND = YES;
				GCC_C_LANGUAGE_STANDARD = gnu99;
				GCC_NO_COMMON_BLOCKS = YES;
				GCC_WARN_64_TO_32_BIT_CONVERSION = YES;
				GCC_WARN_ABOUT_RETURN_TYPE = YES_ERROR;
				GCC_WARN_UNDECLARED_SELECTOR = YES;
				GCC_WARN_UNINITIALIZED_AUTOS = YES_AGGRESSIVE;
				GCC_WARN_UNUSED_FUNCTION = YES;
				GCC_WARN_UNUSED_VARIABLE = YES;
				IPHONEOS_DEPLOYMENT_TARGET = 9.0;
				SDKROOT = iphoneos;
				TARGETED_DEVICE_FAMILY = "1,2";
				VALIDATE_PRODUCT = YES;
			};
			name = Release;
		};
		6003F5C0195388D20070C39A /* Debug */ = {
			isa = XCBuildConfiguration;
			baseConfigurationReference = 5C9D2621A436E81FEDEA9FB4 /* Pods-ADNavigationBar_Example.debug.xcconfig */;
			buildSettings = {
				ASSETCATALOG_COMPILER_APPICON_NAME = AppIcon;
				DEVELOPMENT_TEAM = 25ZE6TVB9T;
				GCC_PRECOMPILE_PREFIX_HEADER = YES;
				GCC_PREFIX_HEADER = ADNavigationBar/Other/ADNavigationBarPrefixHeader.pch;
				INFOPLIST_FILE = ADNavigationBar/Other/info.plist;
				MODULE_NAME = ExampleApp;
				PRODUCT_BUNDLE_IDENTIFIER = "org.cocoapods.demo.${PRODUCT_NAME:rfc1034identifier}";
				PRODUCT_NAME = "$(TARGET_NAME)";
				SWIFT_VERSION = 4.0;
				WRAPPER_EXTENSION = app;
			};
			name = Debug;
		};
		6003F5C1195388D20070C39A /* Release */ = {
			isa = XCBuildConfiguration;
			baseConfigurationReference = 2A7401B0744A2BD513A96FF6 /* Pods-ADNavigationBar_Example.release.xcconfig */;
			buildSettings = {
				ASSETCATALOG_COMPILER_APPICON_NAME = AppIcon;
				DEVELOPMENT_TEAM = 25ZE6TVB9T;
				GCC_PRECOMPILE_PREFIX_HEADER = YES;
				GCC_PREFIX_HEADER = ADNavigationBar/Other/ADNavigationBarPrefixHeader.pch;
				INFOPLIST_FILE = ADNavigationBar/Other/info.plist;
				MODULE_NAME = ExampleApp;
				PRODUCT_BUNDLE_IDENTIFIER = "org.cocoapods.demo.${PRODUCT_NAME:rfc1034identifier}";
				PRODUCT_NAME = "$(TARGET_NAME)";
				SWIFT_VERSION = 4.0;
				WRAPPER_EXTENSION = app;
			};
			name = Release;
		};
		6003F5C3195388D20070C39A /* Debug */ = {
			isa = XCBuildConfiguration;
			baseConfigurationReference = BFA7D3D5A87094633448594C /* Pods-ADNavigationBar_Tests.debug.xcconfig */;
			buildSettings = {
				BUNDLE_LOADER = "$(TEST_HOST)";
				FRAMEWORK_SEARCH_PATHS = (
					"$(PLATFORM_DIR)/Developer/Library/Frameworks",
					"$(inherited)",
					"$(DEVELOPER_FRAMEWORKS_DIR)",
				);
				GCC_PRECOMPILE_PREFIX_HEADER = YES;
				GCC_PREFIX_HEADER = "Tests/Tests-Prefix.pch";
				GCC_PREPROCESSOR_DEFINITIONS = (
					"DEBUG=1",
					"$(inherited)",
				);
				INFOPLIST_FILE = "Tests/Tests-Info.plist";
				PRODUCT_BUNDLE_IDENTIFIER = "org.cocoapods.demo.${PRODUCT_NAME:rfc1034identifier}";
				PRODUCT_NAME = "$(TARGET_NAME)";
				SWIFT_VERSION = 4.0;
				TEST_HOST = "$(BUILT_PRODUCTS_DIR)/ADNavigationBar_Example.app/ADNavigationBar_Example";
				WRAPPER_EXTENSION = xctest;
			};
			name = Debug;
		};
		6003F5C4195388D20070C39A /* Release */ = {
			isa = XCBuildConfiguration;
			baseConfigurationReference = 853C7505808B297D18E4906A /* Pods-ADNavigationBar_Tests.release.xcconfig */;
			buildSettings = {
				BUNDLE_LOADER = "$(TEST_HOST)";
				FRAMEWORK_SEARCH_PATHS = (
					"$(PLATFORM_DIR)/Developer/Library/Frameworks",
					"$(inherited)",
					"$(DEVELOPER_FRAMEWORKS_DIR)",
				);
				GCC_PRECOMPILE_PREFIX_HEADER = YES;
				GCC_PREFIX_HEADER = "Tests/Tests-Prefix.pch";
				INFOPLIST_FILE = "Tests/Tests-Info.plist";
				PRODUCT_BUNDLE_IDENTIFIER = "org.cocoapods.demo.${PRODUCT_NAME:rfc1034identifier}";
				PRODUCT_NAME = "$(TARGET_NAME)";
				SWIFT_VERSION = 4.0;
				TEST_HOST = "$(BUILT_PRODUCTS_DIR)/ADNavigationBar_Example.app/ADNavigationBar_Example";
				WRAPPER_EXTENSION = xctest;
			};
			name = Release;
		};
/* End XCBuildConfiguration section */

/* Begin XCConfigurationList section */
		6003F585195388D10070C39A /* Build configuration list for PBXProject "ADNavigationBar" */ = {
			isa = XCConfigurationList;
			buildConfigurations = (
				6003F5BD195388D20070C39A /* Debug */,
				6003F5BE195388D20070C39A /* Release */,
			);
			defaultConfigurationIsVisible = 0;
			defaultConfigurationName = Release;
		};
		6003F5BF195388D20070C39A /* Build configuration list for PBXNativeTarget "ADNavigationBar_Example" */ = {
			isa = XCConfigurationList;
			buildConfigurations = (
				6003F5C0195388D20070C39A /* Debug */,
				6003F5C1195388D20070C39A /* Release */,
			);
			defaultConfigurationIsVisible = 0;
			defaultConfigurationName = Release;
		};
		6003F5C2195388D20070C39A /* Build configuration list for PBXNativeTarget "ADNavigationBar_Tests" */ = {
			isa = XCConfigurationList;
			buildConfigurations = (
				6003F5C3195388D20070C39A /* Debug */,
				6003F5C4195388D20070C39A /* Release */,
			);
			defaultConfigurationIsVisible = 0;
			defaultConfigurationName = Release;
		};
/* End XCConfigurationList section */
	};
	rootObject = 6003F582195388D10070C39A /* Project object */;
}
